
Microsoft Visual Studio Solution File, Format Version 12.00
# Visual Studio Version 17
VisualStudioVersion = 17.0.31912.275
MinimumVisualStudioVersion = 10.0.40219.1
Project("{FAE04EC0-301F-11D3-BF4B-00C04F79EFBC}") = "SocketClient", "SocketClient\SocketClient.csproj", "{DBC05F2E-3724-4C3A-B890-F5BB69016ACD}"
EndProject
Global
	GlobalSection(SolutionConfigurationPlatforms) = preSolution
		Debug|Any CPU = Debug|Any CPU
		Release|Any CPU = Release|Any CPU
	EndGlobalSection
	GlobalSection(ProjectConfigurationPlatforms) = postSolution
		{DBC05F2E-3724-4C3A-B890-F5BB69016ACD}.Debug|Any CPU.ActiveCfg = Debug|Any CPU
		{DBC05F2E-3724-4C3A-B890-F5BB69016ACD}.Debug|Any CPU.Build.0 = Debug|Any CPU
		{DBC05F2E-3724-4C3A-B890-F5BB69016ACD}.Release|Any CPU.ActiveCfg = Release|Any CPU
		{DBC05F2E-3724-4C3A-B890-F5BB69016ACD}.Release|Any CPU.Build.0 = Release|Any CPU
	EndGlobalSection
	GlobalSection(SolutionProperties) = preSolution
		HideSolutionNode = FALSE
	EndGlobalSection
	GlobalSection(ExtensibilityGlobals) = postSolution
		SolutionGuid = {40353A10-5D53-4D26-9639-B01172914C9D}
	EndGlobalSection
EndGlobal
